
Microsoft Visual Studio Solution File, Format Version 12.00
# Visual Studio Version 16
VisualStudioVersion = 16.0.30523.141
MinimumVisualStudioVersion = 10.0.40219.1
Project("{9A19103F-16F7-4668-BE54-9A1E7A4F7556}") = "APILoto", "APILoto\APILoto.csproj", "{AF558F93-F37D-4B36-B317-21DA3B3374CF}"
EndProject
Project("{9A19103F-16F7-4668-BE54-9A1E7A4F7556}") = "Aplicación", "Aplicación\Aplicación.csproj", "{53B9A387-E744-439C-8CCE-696ADC23FD66}"
EndProject
Project("{9A19103F-16F7-4668-BE54-9A1E7A4F7556}") = "Dominio", "Dominio\Dominio.csproj", "{18D7D135-2A93-4B9B-86BF-6069824EB88D}"
EndProject
Project("{9A19103F-16F7-4668-BE54-9A1E7A4F7556}") = "Persistencia", "Persistencia\Persistencia.csproj", "{7B2825F1-D10F-4316-9BC6-011EC2FBB426}"
EndProject
Global
	GlobalSection(SolutionConfigurationPlatforms) = preSolution
		Debug|Any CPU = Debug|Any CPU
		Release|Any CPU = Release|Any CPU
	EndGlobalSection
	GlobalSection(ProjectConfigurationPlatforms) = postSolution
		{AF558F93-F37D-4B36-B317-21DA3B3374CF}.Debug|Any CPU.ActiveCfg = Debug|Any CPU
		{AF558F93-F37D-4B36-B317-21DA3B3374CF}.Debug|Any CPU.Build.0 = Debug|Any CPU
		{AF558F93-F37D-4B36-B317-21DA3B3374CF}.Release|Any CPU.ActiveCfg = Release|Any CPU
		{AF558F93-F37D-4B36-B317-21DA3B3374CF}.Release|Any CPU.Build.0 = Release|Any CPU
		{53B9A387-E744-439C-8CCE-696ADC23FD66}.Debug|Any CPU.ActiveCfg = Debug|Any CPU
		{53B9A387-E744-439C-8CCE-696ADC23FD66}.Debug|Any CPU.Build.0 = Debug|Any CPU
		{53B9A387-E744-439C-8CCE-696ADC23FD66}.Release|Any CPU.ActiveCfg = Release|Any CPU
		{53B9A387-E744-439C-8CCE-696ADC23FD66}.Release|Any CPU.Build.0 = Release|Any CPU
		{18D7D135-2A93-4B9B-86BF-6069824EB88D}.Debug|Any CPU.ActiveCfg = Debug|Any CPU
		{18D7D135-2A93-4B9B-86BF-6069824EB88D}.Debug|Any CPU.Build.0 = Debug|Any CPU
		{18D7D135-2A93-4B9B-86BF-6069824EB88D}.Release|Any CPU.ActiveCfg = Release|Any CPU
		{18D7D135-2A93-4B9B-86BF-6069824EB88D}.Release|Any CPU.Build.0 = Release|Any CPU
		{7B2825F1-D10F-4316-9BC6-011EC2FBB426}.Debug|Any CPU.ActiveCfg = Debug|Any CPU
		{7B2825F1-D10F-4316-9BC6-011EC2FBB426}.Debug|Any CPU.Build.0 = Debug|Any CPU
		{7B2825F1-D10F-4316-9BC6-011EC2FBB426}.Release|Any CPU.ActiveCfg = Release|Any CPU
		{7B2825F1-D10F-4316-9BC6-011EC2FBB426}.Release|Any CPU.Build.0 = Release|Any CPU
	EndGlobalSection
	GlobalSection(SolutionProperties) = preSolution
		HideSolutionNode = FALSE
	EndGlobalSection
	GlobalSection(ExtensibilityGlobals) = postSolution
		SolutionGuid = {8E215351-57F9-40DA-8416-5C1A63AAB773}
	EndGlobalSection
EndGlobal
